PODS:
  - CorePlot (2.3)
  - TensorFlowLiteC (2.4.0):
    - TensorFlowLiteC/Core (= 2.4.0)
  - TensorFlowLiteC/Core (2.4.0)
  - TensorFlowLiteSwift (2.4.0):
    - TensorFlowLiteSwift/Core (= 2.4.0)
  - TensorFlowLiteSwift/Core (2.4.0):
    - TensorFlowLiteC (= 2.4.0)

DEPENDENCIES:
  - CorePlot (~> 2.3)
  - TensorFlowLiteSwift

SPEC REPOS:
  trunk:
    - CorePlot
    - TensorFlowLiteC
    - TensorFlowLiteSwift

SPEC CHECKSUMS:
  CorePlot: 6bfe6d30d215beec3cfd18ee43e434620119bc1e
  TensorFlowLiteC: 09f8ac75a76caeadb19bcfa694e97454cc1ecf87
  TensorFlowLiteSwift: f062dc1178120100d825d7799fd9f115b4a37fee

PODFILE CHECKSUM: ce80fb03441f2c08009ed29c5fb3651c9942d692

COCOAPODS: 1.9.3
